// !$*UTF8*$!
{
	archiveVersion = 1;
	classes = {
	};
	objectVersion = 56;
	objects = {

/* Begin PBXBuildFile section */
		B20F4D772AF1FA6C0004E9BA /* AppDelegate.swift in Sources */ = {isa = PBXBuildFile; fileRef = B20F4D762AF1FA6C0004E9BA /* AppDelegate.swift */; };
		B20F4D792AF1FA6C0004E9BA /* art.scnassets in Resources */ = {isa = PBXBuildFile; fileRef = B20F4D782AF1FA6C0004E9BA /* art.scnassets */; };
		B20F4D7B2AF1FA6C0004E9BA /* ViewController.swift in Sources */ = {isa = PBXBuildFile; fileRef = B20F4D7A2AF1FA6C0004E9BA /* ViewController.swift */; };
		B20F4D7E2AF1FA6C0004E9BA /* Main.storyboard in Resources */ = {isa = PBXBuildFile; fileRef = B20F4D7C2AF1FA6C0004E9BA /* Main.storyboard */; };
		B20F4D802AF1FA6E0004E9BA /* Assets.xcassets in Resources */ = {isa = PBXBuildFile; fileRef = B20F4D7F2AF1FA6E0004E9BA /* Assets.xcassets */; };
		B20F4D832AF1FA6E0004E9BA /* LaunchScreen.storyboard in Resources */ = {isa = PBXBuildFile; fileRef = B20F4D812AF1FA6E0004E9BA /* LaunchScreen.storyboard */; };
		B20F4D8F2AF1FAA70004E9BA /* eggplant.mp4 in Resources */ = {isa = PBXBuildFile; fileRef = B20F4D892AF1FAA30004E9BA /* eggplant.mp4 */; };
		B20F4D912AF1FAA70004E9BA /* eggplant.png in Resources */ = {isa = PBXBuildFile; fileRef = B20F4D8B2AF1FAA30004E9BA /* eggplant.png */; };
/* End PBXBuildFile section */

/* Begin PBXFileReference section */
		B20F4D732AF1FA6C0004E9BA /* MagicNewsPaper.app */ = {isa = PBXFileReference; explicitFileType = wrapper.application; includeInIndex = 0; path = MagicNewsPaper.app; sourceTree = BUILT_PRODUCTS_DIR; };
		B20F4D762AF1FA6C0004E9BA /* AppDelegate.swift */ = {isa = PBXFileReference; lastKnownFileType = sourcecode.swift; path = AppDelegate.swift; sourceTree = "<group>"; };
		B20F4D782AF1FA6C0004E9BA /* art.scnassets */ = {isa = PBXFileReference; lastKnownFileType = wrapper.scnassets; path = art.scnassets; sourceTree = "<group>"; };
		B20F4D7A2AF1FA6C0004E9BA /* ViewController.swift */ = {isa = PBXFileReference; lastKnownFileType = sourcecode.swift; path = ViewController.swift; sourceTree = "<group>"; };
		B20F4D7D2AF1FA6C0004E9BA /* Base */ = {isa = PBXFileReference; lastKnownFileType = file.storyboard; name = Base; path = Base.lproj/Main.storyboard; sourceTree = "<group>"; };
		B20F4D7F2AF1FA6E0004E9BA /* Assets.xcassets */ = {isa = PBXFileReference; lastKnownFileType = folder.assetcatalog; path = Assets.xcassets; sourceTree = "<group>"; };
		B20F4D822AF1FA6E0004E9BA /* Base */ = {isa = PBXFileReference; lastKnownFileType = file.storyboard; name = Base; path = Base.lproj/LaunchScreen.storyboard; sourceTree = "<group>"; };
		B20F4D892AF1FAA30004E9BA /* eggplant.mp4 */ = {isa = PBXFileReference; lastKnownFileType = file; path = eggplant.mp4; sourceTree = "<group>"; };
		B20F4D8B2AF1FAA30004E9BA /* eggplant.png */ = {isa = PBXFileReference; lastKnownFileType = image.png; path = eggplant.png; sourceTree = "<group>"; };
/* End PBXFileReference section */

/* Begin PBXFrameworksBuildPhase section */
		B20F4D702AF1FA6C0004E9BA /* Frameworks */ = {
			isa = PBXFrameworksBuildPhase;
			buildActionMask = 2147483647;
			files = (
			);
			runOnlyForDeploymentPostprocessing = 0;
		};
/* End PBXFrameworksBuildPhase section */

/* Begin PBXGroup section */
		B20F4D6A2AF1FA6C0004E9BA = {
			isa = PBXGroup;
			children = (
				B20F4D752AF1FA6C0004E9BA /* MagicNewsPaper */,
				B20F4D742AF1FA6C0004E9BA /* Products */,
			);
			sourceTree = "<group>";
		};
		B20F4D742AF1FA6C0004E9BA /* Products */ = {
			isa = PBXGroup;
			children = (
				B20F4D732AF1FA6C0004E9BA /* MagicNewsPaper.app */,
			);
			name = Products;
			sourceTree = "<group>";
		};
		B20F4D752AF1FA6C0004E9BA /* MagicNewsPaper */ = {
			isa = PBXGroup;
			children = (
				B20F4D892AF1FAA30004E9BA /* eggplant.mp4 */,
				B20F4D8B2AF1FAA30004E9BA /* eggplant.png */,
				B20F4D762AF1FA6C0004E9BA /* AppDelegate.swift */,
				B20F4D782AF1FA6C0004E9BA /* art.scnassets */,
				B20F4D7A2AF1FA6C0004E9BA /* ViewController.swift */,
				B20F4D7C2AF1FA6C0004E9BA /* Main.storyboard */,
				B20F4D7F2AF1FA6E0004E9BA /* Assets.xcassets */,
				B20F4D812AF1FA6E0004E9BA /* LaunchScreen.storyboard */,
			);
			path = MagicNewsPaper;
			sourceTree = "<group>";
		};
/* End PBXGroup section */

/* Begin PBXNativeTarget section */
		B20F4D722AF1FA6C0004E9BA /* MagicNewsPaper */ = {
			isa = PBXNativeTarget;
			buildConfigurationList = B20F4D862AF1FA6E0004E9BA /* Build configuration list for PBXNativeTarget "MagicNewsPaper" */;
			buildPhases = (
				B20F4D6F2AF1FA6C0004E9BA /* Sources */,
				B20F4D702AF1FA6C0004E9BA /* Frameworks */,
				B20F4D712AF1FA6C0004E9BA /* Resources */,
			);
			buildRules = (
			);
			dependencies = (
			);
			name = MagicNewsPaper;
			productName = MagicNewsPaper;
			productReference = B20F4D732AF1FA6C0004E9BA /* MagicNewsPaper.app */;
			productType = "com.apple.product-type.application";
		};
/* End PBXNativeTarget section */

/* Begin PBXProject section */
		B20F4D6B2AF1FA6C0004E9BA /* Project object */ = {
			isa = PBXProject;
			attributes = {
				BuildIndependentTargetsInParallel = 1;
				LastSwiftUpdateCheck = 1500;
				LastUpgradeCheck = 1500;
				TargetAttributes = {
					B20F4D722AF1FA6C0004E9BA = {
						CreatedOnToolsVersion = 15.0;
					};
				};
			};
			buildConfigurationList = B20F4D6E2AF1FA6C0004E9BA /* Build configuration list for PBXProject "MagicNewsPaper" */;
			compatibilityVersion = "Xcode 14.0";
			developmentRegion = en;
			hasScannedForEncodings = 0;
			knownRegions = (
				en,
				Base,
			);
			mainGroup = B20F4D6A2AF1FA6C0004E9BA;
			productRefGroup = B20F4D742AF1FA6C0004E9BA /* Products */;
			projectDirPath = "";
			projectRoot = "";
			targets = (
				B20F4D722AF1FA6C0004E9BA /* MagicNewsPaper */,
			);
		};
/* End PBXProject section */

/* Begin PBXResourcesBuildPhase section */
		B20F4D712AF1FA6C0004E9BA /* Resources */ = {
			isa = PBXResourcesBuildPhase;
			buildActionMask = 2147483647;
			files = (
				B20F4D8F2AF1FAA70004E9BA /* eggplant.mp4 in Resources */,
				B20F4D792AF1FA6C0004E9BA /* art.scnassets in Resources */,
				B20F4D832AF1FA6E0004E9BA /* LaunchScreen.storyboard in Resources */,
				B20F4D802AF1FA6E0004E9BA /* Assets.xcassets in Resources */,
				B20F4D912AF1FAA70004E9BA /* eggplant.png in Resources */,
				B20F4D7E2AF1FA6C0004E9BA /* Main.storyboard in Resources */,
			);
			runOnlyForDeploymentPostprocessing = 0;
		};
/* End PBXResourcesBuildPhase section */

/* Begin PBXSourcesBuildPhase section */
		B20F4D6F2AF1FA6C0004E9BA /* Sources */ = {
			isa = PBXSourcesBuildPhase;
			buildActionMask = 2147483647;
			files = (
				B20F4D7B2AF1FA6C0004E9BA /* ViewController.swift in Sources */,
				B20F4D772AF1FA6C0004E9BA /* AppDelegate.swift in Sources */,
			);
			runOnlyForDeploymentPostprocessing = 0;
		};
/* End PBXSourcesBuildPhase section */

/* Begin PBXVariantGroup section */
		B20F4D7C2AF1FA6C0004E9BA /* Main.storyboard */ = {
			isa = PBXVariantGroup;
			children = (
				B20F4D7D2AF1FA6C0004E9BA /* Base */,
			);
			name = Main.storyboard;
			sourceTree = "<group>";
		};
		B20F4D812AF1FA6E0004E9BA /* LaunchScreen.storyboard */ = {
			isa = PBXVariantGroup;
			children = (
				B20F4D822AF1FA6E0004E9BA /* Base */,
			);
			name = LaunchScreen.storyboard;
			sourceTree = "<group>";
		};
/* End PBXVariantGroup section */

/* Begin XCBuildConfiguration section */
		B20F4D842AF1FA6E0004E9BA /* Debug */ = {
			isa = XCBuildConfiguration;
			buildSettings = {
				ALWAYS_SEARCH_USER_PATHS = NO;
				ASSETCATALOG_COMPILER_GENERATE_SWIFT_ASSET_SYMBOL_EXTENSIONS = YES;
				CLANG_ANALYZER_NONNULL = YES;
				CLANG_ANALYZER_NUMBER_OBJECT_CONVERSION = YES_AGGRESSIVE;
				CLANG_CXX_LANGUAGE_STANDARD = "gnu++20";
				CLANG_ENABLE_MODULES = YES;
				CLANG_ENABLE_OBJC_ARC = YES;
				CLANG_ENABLE_OBJC_WEAK = YES;
				CLANG_WARN_BLOCK_CAPTURE_AUTORELEASING = YES;
				CLANG_WARN_BOOL_CONVERSION = YES;
				CLANG_WARN_COMMA = YES;
				CLANG_WARN_CONSTANT_CONVERSION = YES;
				CLANG_WARN_DEPRECATED_OBJC_IMPLEMENTATIONS = YES;
				CLANG_WARN_DIRECT_OBJC_ISA_USAGE = YES_ERROR;
				CLANG_WARN_DOCUMENTATION_COMMENTS = YES;
				CLANG_WARN_EMPTY_BODY = YES;
				CLANG_WARN_ENUM_CONVERSION = YES;
				CLANG_WARN_INFINITE_RECURSION = YES;
				CLANG_WARN_INT_CONVERSION = YES;
				CLANG_WARN_NON_LITERAL_NULL_CONVERSION = YES;
				CLANG_WARN_OBJC_IMPLICIT_RETAIN_SELF = YES;
				CLANG_WARN_OBJC_LITERAL_CONVERSION = YES;
				CLANG_WARN_OBJC_ROOT_CLASS = YES_ERROR;
				CLANG_WARN_QUOTED_INCLUDE_IN_FRAMEWORK_HEADER = YES;
				CLANG_WARN_RANGE_LOOP_ANALYSIS = YES;
				CLANG_WARN_STRICT_PROTOTYPES = YES;
				CLANG_WARN_SUSPICIOUS_MOVE = YES;
				CLANG_WARN_UNGUARDED_AVAILABILITY = YES_AGGRESSIVE;
				CLANG_WARN_UNREACHABLE_CODE = YES;
				CLANG_WARN__DUPLICATE_METHOD_MATCH = YES;
				COPY_PHASE_STRIP = NO;
				DEBUG_INFORMATION_FORMAT = dwarf;
				ENABLE_STRICT_OBJC_MSGSEND = YES;
				ENABLE_TESTABILITY = YES;
				ENABLE_USER_SCRIPT_SANDBOXING = YES;
				GCC_C_LANGUAGE_STANDARD = gnu17;
				GCC_DYNAMIC_NO_PIC = NO;
				GCC_NO_COMMON_BLOCKS = YES;
				GCC_OPTIMIZATION_LEVEL = 0;
				GCC_PREPROCESSOR_DEFINITIONS = (
					"DEBUG=1",
					"$(inherited)",
				);
				GCC_WARN_64_TO_32_BIT_CONVERSION = YES;
				GCC_WARN_ABOUT_RETURN_TYPE = YES_ERROR;
				GCC_WARN_UNDECLARED_SELECTOR = YES;
				GCC_WARN_UNINITIALIZED_AUTOS = YES_AGGRESSIVE;
				GCC_WARN_UNUSED_FUNCTION = YES;
				GCC_WARN_UNUSED_VARIABLE = YES;
				IPHONEOS_DEPLOYMENT_TARGET = 17.0;
				LOCALIZATION_PREFERS_STRING_CATALOGS = YES;
				MTL_ENABLE_DEBUG_INFO = INCLUDE_SOURCE;
				MTL_FAST_MATH = YES;
				ONLY_ACTIVE_ARCH = YES;
				SDKROOT = iphoneos;
				SWIFT_ACTIVE_COMPILATION_CONDITIONS = "DEBUG $(inherited)";
				SWIFT_OPTIMIZATION_LEVEL = "-Onone";
			};
			name = Debug;
		};
		B20F4D852AF1FA6E0004E9BA /* Release */ = {
			isa = XCBuildConfiguration;
			buildSettings = {
				ALWAYS_SEARCH_USER_PATHS = NO;
				ASSETCATALOG_COMPILER_GENERATE_SWIFT_ASSET_SYMBOL_EXTENSIONS = YES;
				CLANG_ANALYZER_NONNULL = YES;
				CLANG_ANALYZER_NUMBER_OBJECT_CONVERSION = YES_AGGRESSIVE;
				CLANG_CXX_LANGUAGE_STANDARD = "gnu++20";
				CLANG_ENABLE_MODULES = YES;
				CLANG_ENABLE_OBJC_ARC = YES;
				CLANG_ENABLE_OBJC_WEAK = YES;
				CLANG_WARN_BLOCK_CAPTURE_AUTORELEASING = YES;
				CLANG_WARN_BOOL_CONVERSION = YES;
				CLANG_WARN_COMMA = YES;
				CLANG_WARN_CONSTANT_CONVERSION = YES;
				CLANG_WARN_DEPRECATED_OBJC_IMPLEMENTATIONS = YES;
				CLANG_WARN_DIRECT_OBJC_ISA_USAGE = YES_ERROR;
				CLANG_WARN_DOCUMENTATION_COMMENTS = YES;
				CLANG_WARN_EMPTY_BODY = YES;
				CLANG_WARN_ENUM_CONVERSION = YES;
				CLANG_WARN_INFINITE_RECURSION = YES;
				CLANG_WARN_INT_CONVERSION = YES;
				CLANG_WARN_NON_LITERAL_NULL_CONVERSION = YES;
				CLANG_WARN_OBJC_IMPLICIT_RETAIN_SELF = YES;
				CLANG_WARN_OBJC_LITERAL_CONVERSION = YES;
				CLANG_WARN_OBJC_ROOT_CLASS = YES_ERROR;
				CLANG_WARN_QUOTED_INCLUDE_IN_FRAMEWORK_HEADER = YES;
				CLANG_WARN_RANGE_LOOP_ANALYSIS = YES;
				CLANG_WARN_STRICT_PROTOTYPES = YES;
				CLANG_WARN_SUSPICIOUS_MOVE = YES;
				CLANG_WARN_UNGUARDED_AVAILABILITY = YES_AGGRESSIVE;
				CLANG_WARN_UNREACHABLE_CODE = YES;
				CLANG_WARN__DUPLICATE_METHOD_MATCH = YES;
				COPY_PHASE_STRIP = NO;
				DEBUG_INFORMATION_FORMAT = "dwarf-with-dsym";
				ENABLE_NS_ASSERTIONS = NO;
				ENABLE_STRICT_OBJC_MSGSEND = YES;
				ENABLE_USER_SCRIPT_SANDBOXING = YES;
				GCC_C_LANGUAGE_STANDARD = gnu17;
				GCC_NO_COMMON_BLOCKS = YES;
				GCC_WARN_64_TO_32_BIT_CONVERSION = YES;
				GCC_WARN_ABOUT_RETURN_TYPE = YES_ERROR;
				GCC_WARN_UNDECLARED_SELECTOR = YES;
				GCC_WARN_UNINITIALIZED_AUTOS = YES_AGGRESSIVE;
				GCC_WARN_UNUSED_FUNCTION = YES;
				GCC_WARN_UNUSED_VARIABLE = YES;
				IPHONEOS_DEPLOYMENT_TARGET = 17.0;
				LOCALIZATION_PREFERS_STRING_CATALOGS = YES;
				MTL_ENABLE_DEBUG_INFO = NO;
				MTL_FAST_MATH = YES;
				SDKROOT = iphoneos;
				SWIFT_COMPILATION_MODE = wholemodule;
				VALIDATE_PRODUCT = YES;
			};
			name = Release;
		};
		B20F4D872AF1FA6E0004E9BA /* Debug */ = {
			isa = XCBuildConfiguration;
			buildSettings = {
				ASSETCATALOG_COMPILER_APPICON_NAME = AppIcon;
				ASSETCATALOG_COMPILER_GLOBAL_ACCENT_COLOR_NAME = AccentColor;
				CODE_SIGN_STYLE = Automatic;
				CURRENT_PROJECT_VERSION = 1;
				DEVELOPMENT_TEAM = HW57NPTVW8;
				GENERATE_INFOPLIST_FILE = YES;
				INFOPLIST_KEY_NSCameraUsageDescription = "";
				INFOPLIST_KEY_UIApplicationSupportsIndirectInputEvents = YES;
				INFOPLIST_KEY_UILaunchStoryboardName = LaunchScreen;
				INFOPLIST_KEY_UIMainStoryboardFile = Main;
				INFOPLIST_KEY_UIRequiredDeviceCapabilities = arkit;
				INFOPLIST_KEY_UIStatusBarHidden = YES;
				INFOPLIST_KEY_UISupportedInterfaceOrientations_iPad = "UIInterfaceOrientationPortrait UIInterfaceOrientationPortraitUpsideDown UIInterfaceOrientationLandscapeLeft UIInterfaceOrientationLandscapeRight";
				INFOPLIST_KEY_UISupportedInterfaceOrientations_iPhone = "UIInterfaceOrientationPortrait UIInterfaceOrientationLandscapeLeft UIInterfaceOrientationLandscapeRight";
				LD_RUNPATH_SEARCH_PATHS = (
					"$(inherited)",
					"@executable_path/Frameworks",
				);
				MARKETING_VERSION = 1.0;
				PRODUCT_BUNDLE_IDENTIFIER = LS.MagicNewsPaper;
				PRODUCT_NAME = "$(TARGET_NAME)";
				SWIFT_EMIT_LOC_STRINGS = YES;
				SWIFT_VERSION = 5.0;
				TARGETED_DEVICE_FAMILY = "1,2";
			};
			name = Debug;
		};
		B20F4D882AF1FA6E0004E9BA /* Release */ = {
			isa = XCBuildConfiguration;
			buildSettings = {
				ASSETCATALOG_COMPILER_APPICON_NAME = AppIcon;
				ASSETCATALOG_COMPILER_GLOBAL_ACCENT_COLOR_NAME = AccentColor;
				CODE_SIGN_STYLE = Automatic;
				CURRENT_PROJECT_VERSION = 1;
				DEVELOPMENT_TEAM = HW57NPTVW8;
				GENERATE_INFOPLIST_FILE = YES;
				INFOPLIST_KEY_NSCameraUsageDescription = "";
				INFOPLIST_KEY_UIApplicationSupportsIndirectInputEvents = YES;
				INFOPLIST_KEY_UILaunchStoryboardName = LaunchScreen;
				INFOPLIST_KEY_UIMainStoryboardFile = Main;
				INFOPLIST_KEY_UIRequiredDeviceCapabilities = arkit;
				INFOPLIST_KEY_UIStatusBarHidden = YES;
				INFOPLIST_KEY_UISupportedInterfaceOrientations_iPad = "UIInterfaceOrientationPortrait UIInterfaceOrientationPortraitUpsideDown UIInterfaceOrientationLandscapeLeft UIInterfaceOrientationLandscapeRight";
				INFOPLIST_KEY_UISupportedInterfaceOrientations_iPhone = "UIInterfaceOrientationPortrait UIInterfaceOrientationLandscapeLeft UIInterfaceOrientationLandscapeRight";
				LD_RUNPATH_SEARCH_PATHS = (
					"$(inherited)",
					"@executable_path/Frameworks",
				);
				MARKETING_VERSION = 1.0;
				PRODUCT_BUNDLE_IDENTIFIER = LS.MagicNewsPaper;
				PRODUCT_NAME = "$(TARGET_NAME)";
				SWIFT_EMIT_LOC_STRINGS = YES;
				SWIFT_VERSION = 5.0;
				TARGETED_DEVICE_FAMILY = "1,2";
			};
			name = Release;
		};
/* End XCBuildConfiguration section */

/* Begin XCConfigurationList section */
		B20F4D6E2AF1FA6C0004E9BA /* Build configuration list for PBXProject "MagicNewsPaper" */ = {
			isa = XCConfigurationList;
			buildConfigurations = (
				B20F4D842AF1FA6E0004E9BA /* Debug */,
				B20F4D852AF1FA6E0004E9BA /* Release */,
			);
			defaultConfigurationIsVisible = 0;
			defaultConfigurationName = Release;
		};
		B20F4D862AF1FA6E0004E9BA /* Build configuration list for PBXNativeTarget "MagicNewsPaper" */ = {
			isa = XCConfigurationList;
			buildConfigurations = (
				B20F4D872AF1FA6E0004E9BA /* Debug */,
				B20F4D882AF1FA6E0004E9BA /* Release */,
			);
			defaultConfigurationIsVisible = 0;
			defaultConfigurationName = Release;
		};
/* End XCConfigurationList section */
	};
	rootObject = B20F4D6B2AF1FA6C0004E9BA /* Project object */;
}
